{
  "version": 4,
  "terraform_version": "1.9.8",
  "serial": 18,
  "lineage": "21a4e368-9ace-7f65-1695-bc6f0c70f876",
  "outputs": {},
  "resources": [
    {
      "mode": "managed",
      "type": "github_issue_label",
      "name": "issues_labels",
      "provider": "provider[\"registry.terraform.io/integrations/github\"]",
      "instances": [
        {
          "index_key": "dockerfile",
          "schema_version": 0,
          "attributes": {
            "color": "3895AD",
            "description": "",
            "etag": "W/\"ae62424fda2ce301359fa1f86063d3eed9cb65cd8406bd1c6ed08ce4b1d29589\"",
            "id": "beam-shop:Dockerfile",
            "name": "Dockerfile",
            "repository": "beam-shop",
            "url": "https://api.github.com/repos/drogovski/beam-shop/labels/Dockerfile"
          },
          "sensitive_attributes": [],
          "private": "bnVsbA==",
          "dependencies": [
            "github_repository.beam-shop"
          ]
        },
        {
          "index_key": "env-aws",
          "schema_version": 0,
          "attributes": {
            "color": "D3A968",
            "description": "",
            "etag": "W/\"fa678cdc6c0b867a20691cacfe2242e662ef1474a70da4cf4414c83ccd41033d\"",
            "id": "beam-shop:Env:AWS",
            "name": "Env:AWS",
            "repository": "beam-shop",
            "url": "https://api.github.com/repos/drogovski/beam-shop/labels/Env:AWS"
          },
          "sensitive_attributes": [],
          "private": "bnVsbA==",
          "dependencies": [
            "github_repository.beam-shop"
          ]
        },
        {
          "index_key": "env-local",
          "schema_version": 0,
          "attributes": {
            "color": "0075ca",
            "description": "",
            "etag": "W/\"9c93859043ad2cca790876d5eecfaaff6958102aba45c246f5745c5e905db2fd\"",
            "id": "beam-shop:Env:Local",
            "name": "Env:Local",
            "repository": "beam-shop",
            "url": "https://api.github.com/repos/drogovski/beam-shop/labels/Env:Local"
          },
          "sensitive_attributes": [],
          "private": "bnVsbA==",
          "dependencies": [
            "github_repository.beam-shop"
          ]
        },
        {
          "index_key": "kind-ci-cd",
          "schema_version": 0,
          "attributes": {
            "color": "FBCA04",
            "description": "",
            "etag": "W/\"0ed39fa371ba505ed5f1f9e6d4f8187790fc1fdbb0dc034211e099da80eea635\"",
            "id": "beam-shop:Kind:CI-CD",
            "name": "Kind:CI-CD",
            "repository": "beam-shop",
            "url": "https://api.github.com/repos/drogovski/beam-shop/labels/Kind:CI-CD"
          },
          "sensitive_attributes": [],
          "private": "bnVsbA==",
          "dependencies": [
            "github_repository.beam-shop"
          ]
        },
        {
          "index_key": "kind-documentation",
          "schema_version": 0,
          "attributes": {
            "color": "5319E7",
            "description": "",
            "etag": "W/\"c4defe97833278b564bfd98d7e826c723cd4f32375f14ca027ba880a619e46d4\"",
            "id": "beam-shop:Kind:Documentation",
            "name": "Kind:Documentation",
            "repository": "beam-shop",
            "url": "https://api.github.com/repos/drogovski/beam-shop/labels/Kind:Documentation"
          },
          "sensitive_attributes": [],
          "private": "bnVsbA==",
          "dependencies": [
            "github_repository.beam-shop"
          ]
        },
        {
          "index_key": "kind-infrastructure",
          "schema_version": 0,
          "attributes": {
            "color": "B60205",
            "description": "",
            "etag": "W/\"fd34ed2cb2429f172e5130ec0b3524163664c5e756d956799a57fee5f94140c0\"",
            "id": "beam-shop:Kind:Infrastructure",
            "name": "Kind:Infrastructure",
            "repository": "beam-shop",
            "url": "https://api.github.com/repos/drogovski/beam-shop/labels/Kind:Infrastructure"
          },
          "sensitive_attributes": [],
          "private": "bnVsbA==",
          "dependencies": [
            "github_repository.beam-shop"
          ]
        },
        {
          "index_key": "kind-instrumentation",
          "schema_version": 0,
          "attributes": {
            "color": "0E8A16",
            "description": "",
            "etag": "W/\"8a31eba70cca7307f6c54d989aaaa937ca1f50ba0e3af6c349bf250e74d0674d\"",
            "id": "beam-shop:Kind:Instrumentation",
            "name": "Kind:Instrumentation",
            "repository": "beam-shop",
            "url": "https://api.github.com/repos/drogovski/beam-shop/labels/Kind:Instrumentation"
          },
          "sensitive_attributes": [],
          "private": "bnVsbA==",
          "dependencies": [
            "github_repository.beam-shop"
          ]
        },
        {
          "index_key": "kind-uncategorized",
          "schema_version": 0,
          "attributes": {
            "color": "D93F0B",
            "description": "",
            "etag": "W/\"423d4aae8e77ed7ec42beb87c111d3748a3a0fc30aaec3a158c10ecce14c822f\"",
            "id": "beam-shop:Kind:Uncategorized",
            "name": "Kind:Uncategorized",
            "repository": "beam-shop",
            "url": "https://api.github.com/repos/drogovski/beam-shop/labels/Kind:Uncategorized"
          },
          "sensitive_attributes": [],
          "private": "bnVsbA==",
          "dependencies": [
            "github_repository.beam-shop"
          ]
        },
        {
          "index_key": "tech-docker",
          "schema_version": 0,
          "attributes": {
            "color": "1D76DB",
            "description": "",
            "etag": "W/\"c5419a733117da08018d13bde6a0690a39761aaa8d9ee9afce0c494f1c7013d2\"",
            "id": "beam-shop:Tech:Docker",
            "name": "Tech:Docker",
            "repository": "beam-shop",
            "url": "https://api.github.com/repos/drogovski/beam-shop/labels/Tech:Docker"
          },
          "sensitive_attributes": [],
          "private": "bnVsbA==",
          "dependencies": [
            "github_repository.beam-shop"
          ]
        },
        {
          "index_key": "tech-docker-compose",
          "schema_version": 0,
          "attributes": {
            "color": "006B75",
            "description": "",
            "etag": "W/\"db4c3d5ef19ef0af01a08798dbeb365bb079a3c5a97966be21c3ff22225b618a\"",
            "id": "beam-shop:Tech:Docker-Compose",
            "name": "Tech:Docker-Compose",
            "repository": "beam-shop",
            "url": "https://api.github.com/repos/drogovski/beam-shop/labels/Tech:Docker-Compose"
          },
          "sensitive_attributes": [],
          "private": "bnVsbA==",
          "dependencies": [
            "github_repository.beam-shop"
          ]
        },
        {
          "index_key": "tech-elixir",
          "schema_version": 0,
          "attributes": {
            "color": "D9B1FC",
            "description": "",
            "etag": "W/\"037841cb78bf198cf2a33abefbf945c7708601cbd866ad4e7a2bca6963ed2e82\"",
            "id": "beam-shop:Tech:Elixir",
            "name": "Tech:Elixir",
            "repository": "beam-shop",
            "url": "https://api.github.com/repos/drogovski/beam-shop/labels/Tech:Elixir"
          },
          "sensitive_attributes": [],
          "private": "bnVsbA==",
          "dependencies": [
            "github_repository.beam-shop"
          ]
        },
        {
          "index_key": "tech-gha",
          "schema_version": 0,
          "attributes": {
            "color": "66FE68",
            "description": "",
            "etag": "W/\"3ecefdab3b26fd8b3812fe6ad9e3dd2bc813e9a17e237041fb776576166d06ce\"",
            "id": "beam-shop:Tech:GHA",
            "name": "Tech:GHA",
            "repository": "beam-shop",
            "url": "https://api.github.com/repos/drogovski/beam-shop/labels/Tech:GHA"
          },
          "sensitive_attributes": [],
          "private": "bnVsbA==",
          "dependencies": [
            "github_repository.beam-shop"
          ]
        },
        {
          "index_key": "tech-packer",
          "schema_version": 0,
          "attributes": {
            "color": "1D76DB",
            "description": "",
            "etag": "W/\"36458bda642a3a983b09fab7e930d013e630ceffe7499b5acc5df90f0c412310\"",
            "id": "beam-shop:Tech:Packer",
            "name": "Tech:Packer",
            "repository": "beam-shop",
            "url": "https://api.github.com/repos/drogovski/beam-shop/labels/Tech:Packer"
          },
          "sensitive_attributes": [],
          "private": "bnVsbA==",
          "dependencies": [
            "github_repository.beam-shop"
          ]
        },
        {
          "index_key": "tech-sops",
          "schema_version": 0,
          "attributes": {
            "color": "F9D0C4",
            "description": "",
            "etag": "W/\"fc7ba259a703113f44bbe2c858afa60325d7c6ec2b5603f865af22f595e27ba3\"",
            "id": "beam-shop:Tech:SOPS",
            "name": "Tech:SOPS",
            "repository": "beam-shop",
            "url": "https://api.github.com/repos/drogovski/beam-shop/labels/Tech:SOPS"
          },
          "sensitive_attributes": [],
          "private": "bnVsbA==",
          "dependencies": [
            "github_repository.beam-shop"
          ]
        },
        {
          "index_key": "tech-terraform",
          "schema_version": 0,
          "attributes": {
            "color": "5319A1",
            "description": "",
            "etag": "W/\"520ca0c9c421b2d75d920b5a4ab4f3f828a8dd29b52a2a4e859d6e38f723e435\"",
            "id": "beam-shop:Tech:Terraform",
            "name": "Tech:Terraform",
            "repository": "beam-shop",
            "url": "https://api.github.com/repos/drogovski/beam-shop/labels/Tech:Terraform"
          },
          "sensitive_attributes": [],
          "private": "bnVsbA==",
          "dependencies": [
            "github_repository.beam-shop"
          ]
        }
      ]
    },
    {
      "mode": "managed",
      "type": "github_repository",
      "name": "beam-shop",
      "provider": "provider[\"registry.terraform.io/integrations/github\"]",
      "instances": [
        {
          "schema_version": 1,
          "attributes": {
            "allow_auto_merge": false,
            "allow_merge_commit": true,
            "allow_rebase_merge": true,
            "allow_squash_merge": true,
            "allow_update_branch": false,
            "archive_on_destroy": null,
            "archived": false,
            "auto_init": true,
            "default_branch": "main",
            "delete_branch_on_merge": true,
            "description": "Leveraging BEAM to create online shop.",
            "etag": "W/\"3938503745b72add94dbb7147cb51b4ae46080419be74ad5bbc11e38cf009c5d\"",
            "full_name": "drogovski/beam-shop",
            "git_clone_url": "git://github.com/drogovski/beam-shop.git",
            "gitignore_template": "Terraform",
            "has_discussions": false,
            "has_downloads": false,
            "has_issues": true,
            "has_projects": false,
            "has_wiki": false,
            "homepage_url": "",
            "html_url": "https://github.com/drogovski/beam-shop",
            "http_clone_url": "https://github.com/drogovski/beam-shop.git",
            "id": "beam-shop",
            "ignore_vulnerability_alerts_during_read": null,
            "is_template": false,
            "license_template": null,
            "merge_commit_message": "PR_TITLE",
            "merge_commit_title": "MERGE_MESSAGE",
            "name": "beam-shop",
            "node_id": "R_kgDONF6_yw",
            "pages": [],
            "primary_language": "",
            "private": false,
            "repo_id": 878624715,
            "security_and_analysis": [
              {
                "advanced_security": [],
                "secret_scanning": [
                  {
                    "status": "enabled"
                  }
                ],
                "secret_scanning_push_protection": [
                  {
                    "status": "enabled"
                  }
                ]
              }
            ],
            "squash_merge_commit_message": "COMMIT_MESSAGES",
            "squash_merge_commit_title": "COMMIT_OR_PR_TITLE",
            "ssh_clone_url": "git@github.com:drogovski/beam-shop.git",
            "svn_url": "https://github.com/drogovski/beam-shop",
            "template": [],
            "topics": [],
            "visibility": "public",
            "vulnerability_alerts": false,
            "web_commit_signoff_required": false
          },
          "sensitive_attributes": [],
          "private": "eyJzY2hlbWFfdmVyc2lvbiI6IjEifQ=="
        }
      ]
    }
  ],
  "check_results": null
}
